
Microsoft Visual Studio Solution File, Format Version 12.00
# Visual Studio 2013
VisualStudioVersion = 12.0.21005.1
MinimumVisualStudioVersion = 10.0.40219.1
Project("{FAE04EC0-301F-11D3-BF4B-00C04F79EFBC}") = "WindowsFormsApptest1", "WindowsFormsApptest1\WindowsFormsApptest1.csproj", "{189DB6F2-2226-456F-9EA6-942EEFB0EC7F}"
EndProject
Global
	GlobalSection(SolutionConfigurationPlatforms) = preSolution
		Debug|Any CPU = Debug|Any CPU
		Release|Any CPU = Release|Any CPU
	EndGlobalSection
	GlobalSection(ProjectConfigurationPlatforms) = postSolution
		{189DB6F2-2226-456F-9EA6-942EEFB0EC7F}.Debug|Any CPU.ActiveCfg = Debug|Any CPU
		{189DB6F2-2226-456F-9EA6-942EEFB0EC7F}.Debug|Any CPU.Build.0 = Debug|Any CPU
		{189DB6F2-2226-456F-9EA6-942EEFB0EC7F}.Release|Any CPU.ActiveCfg = Release|Any CPU
		{189DB6F2-2226-456F-9EA6-942EEFB0EC7F}.Release|Any CPU.Build.0 = Release|Any CPU
	EndGlobalSection
	GlobalSection(SolutionProperties) = preSolution
		HideSolutionNode = FALSE
	EndGlobalSection
EndGlobal
